
Microsoft Visual Studio Solution File, Format Version 12.00
# Visual Studio Version 17
VisualStudioVersion = 17.9.34728.123
MinimumVisualStudioVersion = 10.0.40219.1
Project("{FAE04EC0-301F-11D3-BF4B-00C04F79EFBC}") = "SimpleATM", "SimpleATM\SimpleATM.csproj", "{0AD3E450-DEED-49DE-B0CB-E434236B8B9E}"
EndProject
Global
	GlobalSection(SolutionConfigurationPlatforms) = preSolution
		Debug|Any CPU = Debug|Any CPU
		Release|Any CPU = Release|Any CPU
	EndGlobalSection
	GlobalSection(ProjectConfigurationPlatforms) = postSolution
		{0AD3E450-DEED-49DE-B0CB-E434236B8B9E}.Debug|Any CPU.ActiveCfg = Debug|Any CPU
		{0AD3E450-DEED-49DE-B0CB-E434236B8B9E}.Debug|Any CPU.Build.0 = Debug|Any CPU
		{0AD3E450-DEED-49DE-B0CB-E434236B8B9E}.Release|Any CPU.ActiveCfg = Release|Any CPU
		{0AD3E450-DEED-49DE-B0CB-E434236B8B9E}.Release|Any CPU.Build.0 = Release|Any CPU
	EndGlobalSection
	GlobalSection(SolutionProperties) = preSolution
		HideSolutionNode = FALSE
	EndGlobalSection
	GlobalSection(ExtensibilityGlobals) = postSolution
		SolutionGuid = {B5D5D448-AA3E-4CC2-9B7E-1DBBAEAFE7CD}
	EndGlobalSection
EndGlobal
